# THIS IS AN AUTOGENERATED FILE. DO NOT EDIT THIS FILE DIRECTLY.
# yarn lockfile v1


"@actions/core@1.10.1":
  version "1.10.1"
  resolved "https://registry.yarnpkg.com/@actions/core/-/core-1.10.1.tgz#61108e7ac40acae95ee36da074fa5850ca4ced8a"
  integrity sha512-3lBR9EDAY+iYIpTnTIXmWcNbX3T2kCkAEQGIQx4NVQ0575nk2k3GRZDTPQG+vVtS2izSLmINlxXf0uLtnrTP+g==
  dependencies:
    "@actions/http-client" "^2.0.1"
    uuid "^8.3.2"

"@actions/http-client@^2.0.1":
  version "2.1.1"
  resolved "https://registry.yarnpkg.com/@actions/http-client/-/http-client-2.1.1.tgz#a8e97699c315bed0ecaeaaeb640948470d4586a0"
  integrity sha512-qhrkRMB40bbbLo7gF+0vu+X+UawOvQQqNAA/5Unx774RS8poaOhThDOG6BGmxvAnxhQnDp2BG/ZUm65xZILTpw==
  dependencies:
    tunnel "^0.0.6"

"@esbuild/aix-ppc64@0.21.2":
  version "0.21.2"
  resolved "https://registry.yarnpkg.com/@esbuild/aix-ppc64/-/aix-ppc64-0.21.2.tgz#7ccd2a552dc4eb740f094a46d18a1b1508b8d37c"
  integrity sha512-/c7hocx0pm14bHQlqUVKmxwdT/e5/KkyoY1W8F9lk/8CkE037STDDz8PXUP/LE6faj2HqchvDs9GcShxFhI78Q==

"@esbuild/android-arm64@0.21.2":
  version "0.21.2"
  resolved "https://registry.yarnpkg.com/@esbuild/android-arm64/-/android-arm64-0.21.2.tgz#016abbee9f0c6f646b0c6b43b172a5053fe53aab"
  integrity sha512-SGZKngoTWVUriO5bDjI4WDGsNx2VKZoXcds+ita/kVYB+8IkSCKDRDaK+5yu0b5S0eq6B3S7fpiEvpsa2ammlQ==

"@esbuild/android-arm@0.21.2":
  version "0.21.2"
  resolved "https://registry.yarnpkg.com/@esbuild/android-arm/-/android-arm-0.21.2.tgz#99f3a3c90bf8ac37d1881af6b87d404a02007164"
  integrity sha512-G1ve3b4FeyJeyCjB4MX1CiWyTaIJwT9wAYE+8+IRA53YoN/reC/Bf2GDRXAzDTnh69Fpl+1uIKg76DiB3U6vwQ==

"@esbuild/android-x64@0.21.2":
  version "0.21.2"
  resolved "https://registry.yarnpkg.com/@esbuild/android-x64/-/android-x64-0.21.2.tgz#5039e8d0b2ed03ca75d77e581ead591b1d87826f"
  integrity sha512-1wzzNoj2QtNkAYwIcWJ66UTRA80+RTQ/kuPMtEuP0X6dp5Ar23Dn566q3aV61h4EYrrgGlOgl/HdcqN/2S/2vg==

"@esbuild/darwin-arm64@0.21.2":
  version "0.21.2"
  resolved "https://registry.yarnpkg.com/@esbuild/darwin-arm64/-/darwin-arm64-0.21.2.tgz#6f55b81878d2295d7d4ecdbbb5ee418d379fb49a"
  integrity sha512-ZyMkPWc5eTROcLOA10lEqdDSTc6ds6nuh3DeHgKip/XJrYjZDfnkCVSty8svWdy+SC1f77ULtVeIqymTzaB6/Q==

"@esbuild/darwin-x64@0.21.2":
  version "0.21.2"
  resolved "https://registry.yarnpkg.com/@esbuild/darwin-x64/-/darwin-x64-0.21.2.tgz#f295d838c60e0e068c7a91e7784674c6b06c358e"
  integrity sha512-K4ZdVq1zP9v51h/cKVna7im7G0zGTKKB6bP2yJiSmHjjOykbd8DdhrSi8V978sF69rkwrn8zCyL2t6I3ei6j9A==

"@esbuild/freebsd-arm64@0.21.2":
  version "0.21.2"
  resolved "https://registry.yarnpkg.com/@esbuild/freebsd-arm64/-/freebsd-arm64-0.21.2.tgz#f665703471824e67ff5f62e6c9ed298f3c363b1b"
  integrity sha512-4kbOGdpA61CXqadD+Gb/Pw3YXamQGiz9mal/h93rFVSjr5cgMnmJd/gbfPRm+3BMifvnaOfS1gNWaIDxkE2A3A==

"@esbuild/freebsd-x64@0.21.2":
  version "0.21.2"
  resolved "https://registry.yarnpkg.com/@esbuild/freebsd-x64/-/freebsd-x64-0.21.2.tgz#6493aa56760521125badd41f78369f18c49e367e"
  integrity sha512-ShS+R09nuHzDBfPeMUliKZX27Wrmr8UFp93aFf/S8p+++x5BZ+D344CLKXxmY6qzgTL3mILSImPCNJOzD6+RRg==

"@esbuild/linux-arm64@0.21.2":
  version "0.21.2"
  resolved "https://registry.yarnpkg.com/@esbuild/linux-arm64/-/linux-arm64-0.21.2.tgz#beb96b83bfe32630d34eedc09b8e0722819f1a5b"
  integrity sha512-Hdu8BL+AmO+eCDvvT6kz/fPQhvuHL8YK4ExKZfANWsNe1kFGOHw7VJvS/FKSLFqheXmB3rTF3xFQIgUWPYsGnA==

"@esbuild/linux-arm@0.21.2":
  version "0.21.2"
  resolved "https://registry.yarnpkg.com/@esbuild/linux-arm/-/linux-arm-0.21.2.tgz#b1c5176479397b34c36334218063e223b4e588dd"
  integrity sha512-nnGXjOAv+7cM3LYRx4tJsYdgy8dGDGkAzF06oIDGppWbUkUKN9SmgQA8H0KukpU0Pjrj9XmgbWqMVSX/U7eeTA==

"@esbuild/linux-ia32@0.21.2":
  version "0.21.2"
  resolved "https://registry.yarnpkg.com/@esbuild/linux-ia32/-/linux-ia32-0.21.2.tgz#8ce387793eccdc28f5964e19f4dcbdb901099be4"
  integrity sha512-m73BOCW2V9lcj7RtEMi+gBfHC6n3+VHpwQXP5offtQMPLDkpVolYn1YGXxOZ9hp4h3UPRKuezL7WkBsw+3EB3Q==

"@esbuild/linux-loong64@0.21.2":
  version "0.21.2"
  resolved "https://registry.yarnpkg.com/@esbuild/linux-loong64/-/linux-loong64-0.21.2.tgz#c7360523a8e5e04e0b76b6e9a89a91ba573ac613"
  integrity sha512-84eYHwwWHq3myIY/6ikALMcnwkf6Qo7NIq++xH0x+cJuUNpdwh8mlpUtRY+JiGUc60yu7ElWBbVHGWTABTclGw==

"@esbuild/linux-mips64el@0.21.2":
  version "0.21.2"
  resolved "https://registry.yarnpkg.com/@esbuild/linux-mips64el/-/linux-mips64el-0.21.2.tgz#0adac2cc3451c25817b0c93bf160cd19008ed03a"
  integrity sha512-9siSZngT0/ZKG+AH+/agwKF29LdCxw4ODi/PiE0F52B2rtLozlDP92umf8G2GPoVV611LN4pZ+nSTckebOscUA==

"@esbuild/linux-ppc64@0.21.2":
  version "0.21.2"
  resolved "https://registry.yarnpkg.com/@esbuild/linux-ppc64/-/linux-ppc64-0.21.2.tgz#d9e79563999288d367eeba2b8194874bef0e8a35"
  integrity sha512-y0T4aV2CA+ic04ULya1A/8M2RDpDSK2ckgTj6jzHKFJvCq0jQg8afQQIn4EM0G8u2neyOiNHgSF9YKPfuqKOVw==

"@esbuild/linux-riscv64@0.21.2":
  version "0.21.2"
  resolved "https://registry.yarnpkg.com/@esbuild/linux-riscv64/-/linux-riscv64-0.21.2.tgz#34227910d843b399447a48180381425529eae7d6"
  integrity sha512-x5ssCdXmZC86L2Li1qQPF/VaC4VP20u/Zm8jlAu9IiVOVi79YsSz6cpPDYZl1rfKSHYCJW9XBfFCo66S5gVPSA==

"@esbuild/linux-s390x@0.21.2":
  version "0.21.2"
  resolved "https://registry.yarnpkg.com/@esbuild/linux-s390x/-/linux-s390x-0.21.2.tgz#2835f5b9b4c961baf6d6f03a870ab2d5bc3fbfcc"
  integrity sha512-NP7fTpGSFWdXyvp8iAFU04uFh9ARoplFVM/m+8lTRpaYG+2ytHPZWyscSsMM6cvObSIK2KoPHXiZD4l99WaxbQ==

"@esbuild/linux-x64@0.21.2":
  version "0.21.2"
  resolved "https://registry.yarnpkg.com/@esbuild/linux-x64/-/linux-x64-0.21.2.tgz#756282185a936e752a3a80b227a950813fe62ee7"
  integrity sha512-giZ/uOxWDKda44ZuyfKbykeXznfuVNkTgXOUOPJIjbayJV6FRpQ4zxUy9JMBPLaK9IJcdWtaoeQrYBMh3Rr4vQ==

"@esbuild/netbsd-x64@0.21.2":
  version "0.21.2"
  resolved "https://registry.yarnpkg.com/@esbuild/netbsd-x64/-/netbsd-x64-0.21.2.tgz#e1dde3694f5f8fbf2f7696d021c026e601579167"
  integrity sha512-IeFMfGFSQfIj1d4XU+6lkbFzMR+mFELUUVYrZ+jvWzG4NGvs6o53ReEHLHpYkjRbdEjJy2W3lTekTxrFHW7YJg==

"@esbuild/openbsd-x64@0.21.2":
  version "0.21.2"
  resolved "https://registry.yarnpkg.com/@esbuild/openbsd-x64/-/openbsd-x64-0.21.2.tgz#b0a8c1ce0077a5b24c5e4cf1c4417128ae5b6489"
  integrity sha512-48QhWD6WxcebNNaE4FCwgvQVUnAycuTd+BdvA/oZu+/MmbpU8pY2dMEYlYzj5uNHWIG5jvdDmFXu0naQeOWUoA==

"@esbuild/sunos-x64@0.21.2":
  version "0.21.2"
  resolved "https://registry.yarnpkg.com/@esbuild/sunos-x64/-/sunos-x64-0.21.2.tgz#fc7dd917ffcb2ebab4f22728a23ece3dd36c2979"
  integrity sha512-90r3nTBLgdIgD4FCVV9+cR6Hq2Dzs319icVsln+NTmTVwffWcCqXGml8rAoocHuJ85kZK36DCteii96ba/PX8g==

"@esbuild/win32-arm64@0.21.2":
  version "0.21.2"
  resolved "https://registry.yarnpkg.com/@esbuild/win32-arm64/-/win32-arm64-0.21.2.tgz#251e4cdafae688d54a43ac8544cb8c71e8fcdf15"
  integrity sha512-sNndlsBT8OeE/MZDSGpRDJlWuhjuUz/dn80nH0EP4ZzDUYvMDVa7G87DVpweBrn4xdJYyXS/y4CQNrf7R2ODXg==

"@esbuild/win32-ia32@0.21.2":
  version "0.21.2"
  resolved "https://registry.yarnpkg.com/@esbuild/win32-ia32/-/win32-ia32-0.21.2.tgz#1e3a818791b7e93ed353901c83d7cdc901ffcc8a"
  integrity sha512-Ti2QChGNFzWhUNNVuU4w21YkYTErsNh3h+CzvlEhzgRbwsJ7TrWQqRzW3bllLKKvTppuF3DJ3XP1GEg11AfrEQ==

"@esbuild/win32-x64@0.21.2":
  version "0.21.2"
  resolved "https://registry.yarnpkg.com/@esbuild/win32-x64/-/win32-x64-0.21.2.tgz#825b4e7c89b7e7ec64c450ed494a8af7e405a84d"
  integrity sha512-VEfTCZicoZnZ6sGkjFPGRFFJuL2fZn2bLhsekZl1CJslflp2cJS/VoKs1jMk+3pDfsGW6CfQVUckP707HwbXeQ==

"@types/jsonwebtoken@9.0.6":
  version "9.0.6"
  resolved "https://registry.yarnpkg.com/@types/jsonwebtoken/-/jsonwebtoken-9.0.6.tgz#d1af3544d99ad992fb6681bbe60676e06b032bd3"
  integrity sha512-/5hndP5dCjloafCXns6SZyESp3Ldq7YjH3zwzwczYnjxIT0Fqzk5ROSYVGfFyczIue7IUEj8hkvLbPoLQ18vQw==
  dependencies:
    "@types/node" "*"

"@types/node@*":
  version "20.5.9"
  resolved "https://registry.yarnpkg.com/@types/node/-/node-20.5.9.tgz#a70ec9d8fa0180a314c3ede0e20ea56ff71aed9a"
  integrity sha512-PcGNd//40kHAS3sTlzKB9C9XL4K0sTup8nbG5lC14kzEteTNuAFh9u5nA0o5TWnSG2r/JNPRXFVcHJIIeRlmqQ==

"@types/node@20.12.11":
  version "20.12.11"
  resolved "https://registry.yarnpkg.com/@types/node/-/node-20.12.11.tgz#c4ef00d3507000d17690643278a60dc55a9dc9be"
  integrity sha512-vDg9PZ/zi+Nqp6boSOT7plNuthRugEKixDv5sFTIpkE89MmNtEArAShI4mxuX2+UrLEe9pxC1vm2cjm9YlWbJw==
  dependencies:
    undici-types "~5.26.4"

"@types/utf8@3.0.3":
  version "3.0.3"
  resolved "https://registry.yarnpkg.com/@types/utf8/-/utf8-3.0.3.tgz#e153ada15157477a9e0d2bcc638c34284a1d82ea"
  integrity sha512-+lqLGxWZsEe4Z6OrzBI7Ym4SMUTaMS5yOrHZ0/IL0bpIye1Qbs4PpobJL2mLDbftUXlPFZR7fu6d1yM+bHLX1w==

asynckit@^0.4.0:
  version "0.4.0"
  resolved "https://registry.yarnpkg.com/asynckit/-/asynckit-0.4.0.tgz#c79ed97f7f34cb8f2ba1bc9790bcc366474b4b79"
  integrity sha512-Oei9OH4tRh0YqU3GxhX79dM/mwVgvbZJaSNaRk+bshkj0S5cfHcgYakreBjrHwatXKbz+IoIdYLxrKim2MjW0Q==

buffer-equal-constant-time@1.0.1:
  version "1.0.1"
  resolved "https://registry.yarnpkg.com/buffer-equal-constant-time/-/buffer-equal-constant-time-1.0.1.tgz#f8e71132f7ffe6e01a5c9697a4c6f3e48d5cc819"
  integrity sha512-zRpUiDwd/xk6ADqPMATG8vc9VPrkck7T07OIx0gnjmJAnHnTVXNQG3vfvWNuiZIkwu9KrKdA1iJKfsfTVxE6NA==

combined-stream@^1.0.8:
  version "1.0.8"
  resolved "https://registry.yarnpkg.com/combined-stream/-/combined-stream-1.0.8.tgz#c3d45a8b34fd730631a110a8a2520682b31d5a7f"
  integrity sha512-FQN4MRfuJeHf7cBbBMJFXhKSDq+2kAArBlmRBvcvFE5BB1HZKXtSFASDhdlz9zOYwxh8lDdnvmMOe/+5cdoEdg==
  dependencies:
    delayed-stream "~1.0.0"

delayed-stream@~1.0.0:
  version "1.0.0"
  resolved "https://registry.yarnpkg.com/delayed-stream/-/delayed-stream-1.0.0.tgz#df3ae199acadfb7d440aaae0b29e2272b24ec619"
  integrity sha512-ZySD7Nf91aLB0RxL4KGrKHBXl7Eds1DAmEdcoVawXnLD7SDhpNgtuII2aAkg7a7QS41jxPSZ17p4VdGnMHk3MQ==

ecdsa-sig-formatter@1.0.11:
  version "1.0.11"
  resolved "https://registry.yarnpkg.com/ecdsa-sig-formatter/-/ecdsa-sig-formatter-1.0.11.tgz#ae0f0fa2d85045ef14a817daa3ce9acd0489e5bf"
  integrity sha512-nagl3RYrbNv6kQkeJIpt6NJZy8twLB/2vtz6yN9Z4vRKHN4/QZJIEbqohALSgwKdnksuY3k5Addp5lg8sVoVcQ==
  dependencies:
    safe-buffer "^5.0.1"

esbuild@0.21.2:
  version "0.21.2"
  resolved "https://registry.yarnpkg.com/esbuild/-/esbuild-0.21.2.tgz#6a58b5aa6347eb9e96d060a44e7adaee21bc76c1"
  integrity sha512-LmHPAa5h4tSxz+g/D8IHY6wCjtIiFx8I7/Q0Aq+NmvtoYvyMnJU0KQJcqB6QH30X9x/W4CemgUtPgQDZFca5SA==
  optionalDependencies:
    "@esbuild/aix-ppc64" "0.21.2"
    "@esbuild/android-arm" "0.21.2"
    "@esbuild/android-arm64" "0.21.2"
    "@esbuild/android-x64" "0.21.2"
    "@esbuild/darwin-arm64" "0.21.2"
    "@esbuild/darwin-x64" "0.21.2"
    "@esbuild/freebsd-arm64" "0.21.2"
    "@esbuild/freebsd-x64" "0.21.2"
    "@esbuild/linux-arm" "0.21.2"
    "@esbuild/linux-arm64" "0.21.2"
    "@esbuild/linux-ia32" "0.21.2"
    "@esbuild/linux-loong64" "0.21.2"
    "@esbuild/linux-mips64el" "0.21.2"
    "@esbuild/linux-ppc64" "0.21.2"
    "@esbuild/linux-riscv64" "0.21.2"
    "@esbuild/linux-s390x" "0.21.2"
    "@esbuild/linux-x64" "0.21.2"
    "@esbuild/netbsd-x64" "0.21.2"
    "@esbuild/openbsd-x64" "0.21.2"
    "@esbuild/sunos-x64" "0.21.2"
    "@esbuild/win32-arm64" "0.21.2"
    "@esbuild/win32-ia32" "0.21.2"
    "@esbuild/win32-x64" "0.21.2"

form-data@4.0.0:
  version "4.0.0"
  resolved "https://registry.yarnpkg.com/form-data/-/form-data-4.0.0.tgz#93919daeaf361ee529584b9b31664dc12c9fa452"
  integrity sha512-ETEklSGi5t0QMZuiXoA/Q6vcnxcLQP5vdugSpuAyi6SVGi2clPPp+xgEhuMaHC+zGgn31Kd235W35f7Hykkaww==
  dependencies:
    asynckit "^0.4.0"
    combined-stream "^1.0.8"
    mime-types "^2.1.12"

husky@9.0.11:
  version "9.0.11"
  resolved "https://registry.yarnpkg.com/husky/-/husky-9.0.11.tgz#fc91df4c756050de41b3e478b2158b87c1e79af9"
  integrity sha512-AB6lFlbwwyIqMdHYhwPe+kjOC3Oc5P3nThEoW/AaO2BX3vJDjWPFxYLxokUZOo6RNX20He3AaT8sESs9NJcmEw==

jsonwebtoken@9.0.2:
  version "9.0.2"
  resolved "https://registry.yarnpkg.com/jsonwebtoken/-/jsonwebtoken-9.0.2.tgz#65ff91f4abef1784697d40952bb1998c504caaf3"
  integrity sha512-PRp66vJ865SSqOlgqS8hujT5U4AOgMfhrwYIuIhfKaoSCZcirrmASQr8CX7cUg+RMih+hgznrjp99o+W4pJLHQ==
  dependencies:
    jws "^3.2.2"
    lodash.includes "^4.3.0"
    lodash.isboolean "^3.0.3"
    lodash.isinteger "^4.0.4"
    lodash.isnumber "^3.0.3"
    lodash.isplainobject "^4.0.6"
    lodash.isstring "^4.0.1"
    lodash.once "^4.0.0"
    ms "^2.1.1"
    semver "^7.5.4"

jwa@^1.4.1:
  version "1.4.1"
  resolved "https://registry.yarnpkg.com/jwa/-/jwa-1.4.1.tgz#743c32985cb9e98655530d53641b66c8645b039a"
  integrity sha512-qiLX/xhEEFKUAJ6FiBMbes3w9ATzyk5W7Hvzpa/SLYdxNtng+gcurvrI7TbACjIXlsJyr05/S1oUhZrc63evQA==
  dependencies:
    buffer-equal-constant-time "1.0.1"
    ecdsa-sig-formatter "1.0.11"
    safe-buffer "^5.0.1"

jws@^3.2.2:
  version "3.2.2"
  resolved "https://registry.yarnpkg.com/jws/-/jws-3.2.2.tgz#001099f3639468c9414000e99995fa52fb478304"
  integrity sha512-YHlZCB6lMTllWDtSPHz/ZXTsi8S00usEV6v1tjq8tOUZzw7DpSDWVXjXDre6ed1w/pd495ODpHZYSdkRTsa0HA==
  dependencies:
    jwa "^1.4.1"
    safe-buffer "^5.0.1"

lodash.includes@^4.3.0:
  version "4.3.0"
  resolved "https://registry.yarnpkg.com/lodash.includes/-/lodash.includes-4.3.0.tgz#60bb98a87cb923c68ca1e51325483314849f553f"
  integrity sha512-W3Bx6mdkRTGtlJISOvVD/lbqjTlPPUDTMnlXZFnVwi9NKJ6tiAk6LVdlhZMm17VZisqhKcgzpO5Wz91PCt5b0w==

lodash.isboolean@^3.0.3:
  version "3.0.3"
  resolved "https://registry.yarnpkg.com/lodash.isboolean/-/lodash.isboolean-3.0.3.tgz#6c2e171db2a257cd96802fd43b01b20d5f5870f6"
  integrity sha512-Bz5mupy2SVbPHURB98VAcw+aHh4vRV5IPNhILUCsOzRmsTmSQ17jIuqopAentWoehktxGd9e/hbIXq980/1QJg==

lodash.isinteger@^4.0.4:
  version "4.0.4"
  resolved "https://registry.yarnpkg.com/lodash.isinteger/-/lodash.isinteger-4.0.4.tgz#619c0af3d03f8b04c31f5882840b77b11cd68343"
  integrity sha512-DBwtEWN2caHQ9/imiNeEA5ys1JoRtRfY3d7V9wkqtbycnAmTvRRmbHKDV4a0EYc678/dia0jrte4tjYwVBaZUA==

lodash.isnumber@^3.0.3:
  version "3.0.3"
  resolved "https://registry.yarnpkg.com/lodash.isnumber/-/lodash.isnumber-3.0.3.tgz#3ce76810c5928d03352301ac287317f11c0b1ffc"
  integrity sha512-QYqzpfwO3/CWf3XP+Z+tkQsfaLL/EnUlXWVkIk5FUPc4sBdTehEqZONuyRt2P67PXAk+NXmTBcc97zw9t1FQrw==

lodash.isplainobject@^4.0.6:
  version "4.0.6"
  resolved "https://registry.yarnpkg.com/lodash.isplainobject/-/lodash.isplainobject-4.0.6.tgz#7c526a52d89b45c45cc690b88163be0497f550cb"
  integrity sha512-oSXzaWypCMHkPC3NvBEaPHf0KsA5mvPrOPgQWDsbg8n7orZ290M0BmC/jgRZ4vcJ6DTAhjrsSYgdsW/F+MFOBA==

lodash.isstring@^4.0.1:
  version "4.0.1"
  resolved "https://registry.yarnpkg.com/lodash.isstring/-/lodash.isstring-4.0.1.tgz#d527dfb5456eca7cc9bb95d5daeaf88ba54a5451"
  integrity sha512-0wJxfxH1wgO3GrbuP+dTTk7op+6L41QCXbGINEmD+ny/G/eCqGzxyCsh7159S+mgDDcoarnBw6PC1PS5+wUGgw==

lodash.once@^4.0.0:
  version "4.1.1"
  resolved "https://registry.yarnpkg.com/lodash.once/-/lodash.once-4.1.1.tgz#0dd3971213c7c56df880977d504c88fb471a97ac"
  integrity sha512-Sb487aTOCr9drQVL8pIxOzVhafOjZN9UU54hiN8PU3uAiSV7lx1yYNpbNmex2PK6dSJoNTSJUUswT651yww3Mg==

lru-cache@^6.0.0:
  version "6.0.0"
  resolved "https://registry.yarnpkg.com/lru-cache/-/lru-cache-6.0.0.tgz#6d6fe6570ebd96aaf90fcad1dafa3b2566db3a94"
  integrity sha512-Jo6dJ04CmSjuznwJSS3pUeWmd/H0ffTlkXXgwZi+eq1UCmqQwCh+eLsYOYCwY991i2Fah4h1BEMCx4qThGbsiA==
  dependencies:
    yallist "^4.0.0"

mime-db@1.52.0:
  version "1.52.0"
  resolved "https://registry.yarnpkg.com/mime-db/-/mime-db-1.52.0.tgz#bbabcdc02859f4987301c856e3387ce5ec43bf70"
  integrity sha512-sPU4uV7dYlvtWJxwwxHD0PuihVNiE7TyAbQ5SWxDCB9mUYvOgroQOwYQQOKPJ8CIbE+1ETVlOoK1UC2nU3gYvg==

mime-types@^2.1.12:
  version "2.1.35"
  resolved "https://registry.yarnpkg.com/mime-types/-/mime-types-2.1.35.tgz#381a871b62a734450660ae3deee44813f70d959a"
  integrity sha512-ZDY+bPm5zTTF+YpCrAU9nK0UgICYPT0QtT1NZWFv4s++TNkcgVaT0g6+4R2uI4MjQjzysHB1zxuWL50hzaeXiw==
  dependencies:
    mime-db "1.52.0"

ms@^2.1.1:
  version "2.1.3"
  resolved "https://registry.yarnpkg.com/ms/-/ms-2.1.3.tgz#574c8138ce1d2b5861f0b44579dbadd60c6615b2"
  integrity sha512-6FlzubTLZG3J2a/NVCAleEhjzq5oxgHyaCU9yYXvcLsvoVaHJq/s5xXI6/XXP6tz7R9xAOtHnSO/tXtF3WRTlA==

prettier@3.2.5:
  version "3.2.5"
  resolved "https://registry.yarnpkg.com/prettier/-/prettier-3.2.5.tgz#e52bc3090586e824964a8813b09aba6233b28368"
  integrity sha512-3/GWa9aOC0YeD7LUfvOG2NiDyhOWRvt1k+rcKhOuYnMY24iiCphgneUfJDyFXd6rZCAnuLBv6UeAULtrhT/F4A==

safe-buffer@^5.0.1:
  version "5.2.1"
  resolved "https://registry.yarnpkg.com/safe-buffer/-/safe-buffer-5.2.1.tgz#1eaf9fa9bdb1fdd4ec75f58f9cdb4e6b7827eec6"
  integrity sha512-rp3So07KcdmmKbGvgaNxQSJr7bGVSVk5S9Eq1F+ppbRo70+YeaDxkw5Dd8NPN+GD6bjnYm2VuPuCXmpuYvmCXQ==

semver@^7.5.4:
  version "7.5.4"
  resolved "https://registry.yarnpkg.com/semver/-/semver-7.5.4.tgz#483986ec4ed38e1c6c48c34894a9182dbff68a6e"
  integrity sha512-1bCSESV6Pv+i21Hvpxp3Dx+pSD8lIPt8uVjRrxAUt/nbswYc+tK6Y2btiULjd4+fnq15PX+nqQDC7Oft7WkwcA==
  dependencies:
    lru-cache "^6.0.0"

tunnel@^0.0.6:
  version "0.0.6"
  resolved "https://registry.yarnpkg.com/tunnel/-/tunnel-0.0.6.tgz#72f1314b34a5b192db012324df2cc587ca47f92c"
  integrity sha512-1h/Lnq9yajKY2PEbBadPXj3VxsDDu844OnaAo52UVmIzIvwwtBPIuNvkjuzBlTWpfJyUbG3ez0KSBibQkj4ojg==

typescript@5.4.5:
  version "5.4.5"
  resolved "https://registry.yarnpkg.com/typescript/-/typescript-5.4.5.tgz#42ccef2c571fdbd0f6718b1d1f5e6e5ef006f611"
  integrity sha512-vcI4UpRgg81oIRUFwR0WSIHKt11nJ7SAVlYNIu+QpqeyXP+gpQJy/Z4+F0aGxSE4MqwjyXvW/TzgkLAx2AGHwQ==

undici-types@~5.26.4:
  version "5.26.5"
  resolved "https://registry.yarnpkg.com/undici-types/-/undici-types-5.26.5.tgz#bcd539893d00b56e964fd2657a4866b221a65617"
  integrity sha512-JlCMO+ehdEIKqlFxk6IfVoAUVmgz7cU7zD/h9XZ0qzeosSHmUJVOzSQvvYSYWXkFXC+IfLKSIffhv0sVZup6pA==

utf8@3.0.0:
  version "3.0.0"
  resolved "https://registry.yarnpkg.com/utf8/-/utf8-3.0.0.tgz#f052eed1364d696e769ef058b183df88c87f69d1"
  integrity sha512-E8VjFIQ/TyQgp+TZfS6l8yp/xWppSAHzidGiRrqe4bK4XP9pTRyKFgGJpO3SN7zdX4DeomTrwaseCHovfpFcqQ==

uuid@^8.3.2:
  version "8.3.2"
  resolved "https://registry.yarnpkg.com/uuid/-/uuid-8.3.2.tgz#80d5b5ced271bb9af6c445f21a1a04c606cefbe2"
  integrity sha512-+NYs2QeMWy+GWFOEm9xnn6HCDp0l7QBD7ml8zLUmJ+93Q5NF0NocErnwkTkXVFNiX3/fpC6afS8Dhb/gz7R7eg==

yallist@^4.0.0:
  version "4.0.0"
  resolved "https://registry.yarnpkg.com/yallist/-/yallist-4.0.0.tgz#9bb92790d9c0effec63be73519e11a35019a3a72"
  integrity sha512-3wdGidZyq5PB084XLES5TpOSRA3wjXAlIWMhum2kRcv/41Sn2emQ0dycQW4uZXLejwKvg6EsvbdlVL+FYEct7A==
